
Microsoft Visual Studio Solution File, Format Version 12.00
# Visual Studio Version 17
VisualStudioVersion = 17.2.32630.192
MinimumVisualStudioVersion = 10.0.40219.1
Project("{FAE04EC0-301F-11D3-BF4B-00C04F79EFBC}") = "webservisDeneme", "webservisDeneme\webservisDeneme.csproj", "{F96E9103-2F77-43F5-869E-2F3CBDA2C294}"
EndProject
Global
	GlobalSection(SolutionConfigurationPlatforms) = preSolution
		Debug|Any CPU = Debug|Any CPU
		Release|Any CPU = Release|Any CPU
	EndGlobalSection
	GlobalSection(ProjectConfigurationPlatforms) = postSolution
		{F96E9103-2F77-43F5-869E-2F3CBDA2C294}.Debug|Any CPU.ActiveCfg = Debug|Any CPU
		{F96E9103-2F77-43F5-869E-2F3CBDA2C294}.Debug|Any CPU.Build.0 = Debug|Any CPU
		{F96E9103-2F77-43F5-869E-2F3CBDA2C294}.Release|Any CPU.ActiveCfg = Release|Any CPU
		{F96E9103-2F77-43F5-869E-2F3CBDA2C294}.Release|Any CPU.Build.0 = Release|Any CPU
	EndGlobalSection
	GlobalSection(SolutionProperties) = preSolution
		HideSolutionNode = FALSE
	EndGlobalSection
	GlobalSection(ExtensibilityGlobals) = postSolution
		SolutionGuid = {B07A8379-FDAA-4E51-9E3F-144C97F91C2A}
	EndGlobalSection
EndGlobal
