
Microsoft Visual Studio Solution File, Format Version 12.00
# Visual Studio Version 17
VisualStudioVersion = 17.2.32630.192
MinimumVisualStudioVersion = 10.0.40219.1
Project("{FAE04EC0-301F-11D3-BF4B-00C04F79EFBC}") = "webservice", "webservice\webservice.csproj", "{BAB2CE2E-CCF9-4869-9C69-C4377D71A702}"
EndProject
Global
	GlobalSection(SolutionConfigurationPlatforms) = preSolution
		Debug|Any CPU = Debug|Any CPU
		Release|Any CPU = Release|Any CPU
	EndGlobalSection
	GlobalSection(ProjectConfigurationPlatforms) = postSolution
		{BAB2CE2E-CCF9-4869-9C69-C4377D71A702}.Debug|Any CPU.ActiveCfg = Debug|Any CPU
		{BAB2CE2E-CCF9-4869-9C69-C4377D71A702}.Debug|Any CPU.Build.0 = Debug|Any CPU
		{BAB2CE2E-CCF9-4869-9C69-C4377D71A702}.Release|Any CPU.ActiveCfg = Release|Any CPU
		{BAB2CE2E-CCF9-4869-9C69-C4377D71A702}.Release|Any CPU.Build.0 = Release|Any CPU
	EndGlobalSection
	GlobalSection(SolutionProperties) = preSolution
		HideSolutionNode = FALSE
	EndGlobalSection
	GlobalSection(ExtensibilityGlobals) = postSolution
		SolutionGuid = {4595992E-DF1C-4637-B052-C6914F3B2EBA}
	EndGlobalSection
EndGlobal
